
Microsoft Visual Studio Solution File, Format Version 12.00
# Visual Studio Version 16
VisualStudioVersion = 16.0.30907.101
MinimumVisualStudioVersion = 10.0.40219.1
Project("{2150E333-8FDC-42A3-9474-1A3956D46DE8}") = "BuildingBlocks", "BuildingBlocks", "{376D5919-7217-44E1-A486-C745A6A6DC3C}"
EndProject
Project("{2150E333-8FDC-42A3-9474-1A3956D46DE8}") = "ApiGateways", "ApiGateways", "{C27EC66B-63F0-42FF-9557-7CE38E1D8833}"
EndProject
Project("{9A19103F-16F7-4668-BE54-9A1E7A4F7556}") = "OcelotApiGw", "ApiGateways\OcelotApiGw\OcelotApiGw.csproj", "{ADEA5372-7435-4592-A770-479CAAFFBC40}"
EndProject
Project("{9A19103F-16F7-4668-BE54-9A1E7A4F7556}") = "Common.Logging", "BuildingBlocks\Common.Logging\Common.Logging.csproj", "{1AF05DE1-57E8-46C5-B783-885E22290E45}"
EndProject
Project("{2150E333-8FDC-42A3-9474-1A3956D46DE8}") = "ViceArmory.Middleware", "ViceArmory.Middleware", "{3D41967B-35FA-4327-8717-DFF414433443}"
EndProject
Project("{9A19103F-16F7-4668-BE54-9A1E7A4F7556}") = "ViceArmory.Middleware", "ViceArmory.Middleware\ViceArmory.Middleware.csproj", "{94D69FEF-F975-41A0-8B60-307B18C39CDD}"
EndProject
Project("{9A19103F-16F7-4668-BE54-9A1E7A4F7556}") = "ViceArmory.Utility", "ViceArmory.Utility\ViceArmory.Utility.csproj", "{71A330E8-82D8-442E-BADA-F5724CA512D5}"
EndProject
Project("{2150E333-8FDC-42A3-9474-1A3956D46DE8}") = "ViceArmory.Utilities", "ViceArmory.Utilities", "{69DA6B10-870A-4703-95DF-83EBC0FE872A}"
EndProject
Project("{2150E333-8FDC-42A3-9474-1A3956D46DE8}") = "ViceArmory.DTO", "ViceArmory.DTO", "{C6D3A0B9-3DE3-4246-947A-BDE4449609B4}"
EndProject
Project("{9A19103F-16F7-4668-BE54-9A1E7A4F7556}") = "ViceArmory.DTO", "ViceArmory.DTO\ViceArmory.DTO.csproj", "{AB0DEE0D-2075-40F8-BC8A-00252BA56870}"
EndProject
Project("{2150E333-8FDC-42A3-9474-1A3956D46DE8}") = "ViceArmory.API", "ViceArmory.API", "{850DCE51-B74B-4A8C-BE18-5E5ED0E024AE}"
EndProject
Project("{2150E333-8FDC-42A3-9474-1A3956D46DE8}") = "ViceArmory.DAL", "ViceArmory.DAL", "{6A5EAD1A-B070-4400-98B2-542E30424D78}"
EndProject
Project("{9A19103F-16F7-4668-BE54-9A1E7A4F7556}") = "ViceArmory.API", "ViceArmory.API\ViceArmory.API.csproj", "{7FBBB320-DFD3-40CA-9D1C-D7F01D2554EE}"
EndProject
Project("{9A19103F-16F7-4668-BE54-9A1E7A4F7556}") = "ViceArmory.DAL", "ViceArmory.DAL\ViceArmory.DAL.csproj", "{F0C88CB3-387E-4D06-8442-5F9B71FD0FE1}"
EndProject
Project("{2150E333-8FDC-42A3-9474-1A3956D46DE8}") = "ViceArmory.Web", "ViceArmory.Web", "{FC45A75B-0D6C-4462-A9F1-2D7067BA79BE}"
EndProject
Project("{9A19103F-16F7-4668-BE54-9A1E7A4F7556}") = "ViceArmory.CoreWeb", "ViceArmory.CoreWeb\ViceArmory.CoreWeb.csproj", "{2E1E70A4-2424-43CD-B0A9-652DD4C13F79}"
EndProject
Global
	GlobalSection(SolutionConfigurationPlatforms) = preSolution
		Debug|Any CPU = Debug|Any CPU
		Release|Any CPU = Release|Any CPU
	EndGlobalSection
	GlobalSection(ProjectConfigurationPlatforms) = postSolution
		{ADEA5372-7435-4592-A770-479CAAFFBC40}.Debug|Any CPU.ActiveCfg = Debug|Any CPU
		{ADEA5372-7435-4592-A770-479CAAFFBC40}.Debug|Any CPU.Build.0 = Debug|Any CPU
		{ADEA5372-7435-4592-A770-479CAAFFBC40}.Release|Any CPU.ActiveCfg = Release|Any CPU
		{ADEA5372-7435-4592-A770-479CAAFFBC40}.Release|Any CPU.Build.0 = Release|Any CPU
		{1AF05DE1-57E8-46C5-B783-885E22290E45}.Debug|Any CPU.ActiveCfg = Debug|Any CPU
		{1AF05DE1-57E8-46C5-B783-885E22290E45}.Debug|Any CPU.Build.0 = Debug|Any CPU
		{1AF05DE1-57E8-46C5-B783-885E22290E45}.Release|Any CPU.ActiveCfg = Release|Any CPU
		{1AF05DE1-57E8-46C5-B783-885E22290E45}.Release|Any CPU.Build.0 = Release|Any CPU
		{94D69FEF-F975-41A0-8B60-307B18C39CDD}.Debug|Any CPU.ActiveCfg = Debug|Any CPU
		{94D69FEF-F975-41A0-8B60-307B18C39CDD}.Debug|Any CPU.Build.0 = Debug|Any CPU
		{94D69FEF-F975-41A0-8B60-307B18C39CDD}.Release|Any CPU.ActiveCfg = Release|Any CPU
		{94D69FEF-F975-41A0-8B60-307B18C39CDD}.Release|Any CPU.Build.0 = Release|Any CPU
		{71A330E8-82D8-442E-BADA-F5724CA512D5}.Debug|Any CPU.ActiveCfg = Debug|Any CPU
		{71A330E8-82D8-442E-BADA-F5724CA512D5}.Debug|Any CPU.Build.0 = Debug|Any CPU
		{71A330E8-82D8-442E-BADA-F5724CA512D5}.Release|Any CPU.ActiveCfg = Release|Any CPU
		{71A330E8-82D8-442E-BADA-F5724CA512D5}.Release|Any CPU.Build.0 = Release|Any CPU
		{AB0DEE0D-2075-40F8-BC8A-00252BA56870}.Debug|Any CPU.ActiveCfg = Debug|Any CPU
		{AB0DEE0D-2075-40F8-BC8A-00252BA56870}.Debug|Any CPU.Build.0 = Debug|Any CPU
		{AB0DEE0D-2075-40F8-BC8A-00252BA56870}.Release|Any CPU.ActiveCfg = Release|Any CPU
		{AB0DEE0D-2075-40F8-BC8A-00252BA56870}.Release|Any CPU.Build.0 = Release|Any CPU
		{7FBBB320-DFD3-40CA-9D1C-D7F01D2554EE}.Debug|Any CPU.ActiveCfg = Debug|Any CPU
		{7FBBB320-DFD3-40CA-9D1C-D7F01D2554EE}.Debug|Any CPU.Build.0 = Debug|Any CPU
		{7FBBB320-DFD3-40CA-9D1C-D7F01D2554EE}.Release|Any CPU.ActiveCfg = Release|Any CPU
		{7FBBB320-DFD3-40CA-9D1C-D7F01D2554EE}.Release|Any CPU.Build.0 = Release|Any CPU
		{F0C88CB3-387E-4D06-8442-5F9B71FD0FE1}.Debug|Any CPU.ActiveCfg = Debug|Any CPU
		{F0C88CB3-387E-4D06-8442-5F9B71FD0FE1}.Debug|Any CPU.Build.0 = Debug|Any CPU
		{F0C88CB3-387E-4D06-8442-5F9B71FD0FE1}.Release|Any CPU.ActiveCfg = Release|Any CPU
		{F0C88CB3-387E-4D06-8442-5F9B71FD0FE1}.Release|Any CPU.Build.0 = Release|Any CPU
		{2E1E70A4-2424-43CD-B0A9-652DD4C13F79}.Debug|Any CPU.ActiveCfg = Debug|Any CPU
		{2E1E70A4-2424-43CD-B0A9-652DD4C13F79}.Debug|Any CPU.Build.0 = Debug|Any CPU
		{2E1E70A4-2424-43CD-B0A9-652DD4C13F79}.Release|Any CPU.ActiveCfg = Release|Any CPU
		{2E1E70A4-2424-43CD-B0A9-652DD4C13F79}.Release|Any CPU.Build.0 = Release|Any CPU
	EndGlobalSection
	GlobalSection(SolutionProperties) = preSolution
		HideSolutionNode = FALSE
	EndGlobalSection
	GlobalSection(NestedProjects) = preSolution
		{ADEA5372-7435-4592-A770-479CAAFFBC40} = {C27EC66B-63F0-42FF-9557-7CE38E1D8833}
		{1AF05DE1-57E8-46C5-B783-885E22290E45} = {376D5919-7217-44E1-A486-C745A6A6DC3C}
		{94D69FEF-F975-41A0-8B60-307B18C39CDD} = {3D41967B-35FA-4327-8717-DFF414433443}
		{71A330E8-82D8-442E-BADA-F5724CA512D5} = {69DA6B10-870A-4703-95DF-83EBC0FE872A}
		{AB0DEE0D-2075-40F8-BC8A-00252BA56870} = {C6D3A0B9-3DE3-4246-947A-BDE4449609B4}
		{7FBBB320-DFD3-40CA-9D1C-D7F01D2554EE} = {850DCE51-B74B-4A8C-BE18-5E5ED0E024AE}
		{F0C88CB3-387E-4D06-8442-5F9B71FD0FE1} = {6A5EAD1A-B070-4400-98B2-542E30424D78}
		{2E1E70A4-2424-43CD-B0A9-652DD4C13F79} = {FC45A75B-0D6C-4462-A9F1-2D7067BA79BE}
	EndGlobalSection
	GlobalSection(ExtensibilityGlobals) = postSolution
		SolutionGuid = {88FFFC32-4AC5-49E1-B00B-EC5AA024BE5E}
	EndGlobalSection
EndGlobal
